{
    "_meta": {
        "hash": {
            "sha256": "cebbec66f012293b669d67a07aa69fdbdb2bb48ea931371d56dcdc5dce8f5596"
        },
        "pipfile-spec": 6,
        "requires": {
            "python_version": "3.7"
        },
        "sources": [
            {
                "name": "pypi",
                "url": "https://pypi.org/simple",
                "verify_ssl": true
            }
        ]
    },
    "default": {
        "apache-libcloud": {
            "hashes": [
                "sha256:8f133038710257d39f9092ccaea694e31f7f4fe02c11d7fcc2674bc60a9448b6",
                "sha256:d876f8c4d8aecf32f41f3a4d6ed1cebdf33b8b8f73df0aebc5280789fa806c60"
            ],
            "version": "==2.5.0"
        },
        "atomicwrites": {
            "hashes": [
                "sha256:6d1784dea7c0c8d4a5172b6c620f40b6e4cbfdf96d783691f2e1302a7b88e197",
                "sha256:ae70396ad1a434f9c7046fd2dd196fc04b12f9e91ffb859164193be8b6168a7a"
            ],
            "version": "==1.4.0"
        },
        "attr": {
            "hashes": [
                "sha256:0b1aaddb85bd9e9c4bd75092f4440d6616ff40b0df0437f00771871670f7c9fd",
                "sha256:9091548058d17f132596e61fa7518e504f76b9a4c61ca7d86e1f96dbf7d4775d"
            ],
            "version": "==0.3.1"
        },
        "attrs": {
            "hashes": [
                "sha256:26b54ddbbb9ee1d34d5d3668dd37d6cf74990ab23c828c2888dccdceee395594",
                "sha256:fce7fc47dfc976152e82d53ff92fa0407700c21acd20886a13777a0d20e655dc"
            ],
            "version": "==20.2.0"
        },
        "aws-sam-translator": {
            "hashes": [
                "sha256:11675c9a84c33543adc31d57d3a679bfdbd0b8dc4d07ec3923560a0c42d4ff4b",
                "sha256:3258122f4cd671ba3dc141382dd0412c123db9f1317bed8b26e7229f63634454",
                "sha256:d1901bd6e382e27bfad03ca151a3cccc782796ec48ed7bf34660517ce44284a6"
            ],
            "version": "==1.27.0"
        },
        "aws-xray-sdk": {
            "hashes": [
                "sha256:076f7c610cd3564bbba3507d43e328fb6ff4a2e841d3590f39b2c3ce99d41e1d",
                "sha256:abf5b90f740e1f402e23414c9670e59cb9772e235e271fef2bce62b9100cbc77"
            ],
            "version": "==2.6.0"
        },
        "bcrypt": {
            "hashes": [
                "sha256:5b93c1726e50a93a033c36e5ca7fdcd29a5c7395af50a6892f5d9e7c6cfbfb29",
                "sha256:63d4e3ff96188e5898779b6057878fecf3f11cfe6ec3b313ea09955d587ec7a7",
                "sha256:81fec756feff5b6818ea7ab031205e1d323d8943d237303baca2c5f9c7846f34",
                "sha256:a67fb841b35c28a59cebed05fbd3e80eea26e6d75851f0574a9273c80f3e9b55",
                "sha256:c95d4cbebffafcdd28bd28bb4e25b31c50f6da605c81ffd9ad8a3d1b2ab7b1b6",
                "sha256:cd1ea2ff3038509ea95f687256c46b79f5fc382ad0aa3664d200047546d511d1",
                "sha256:cdcdcb3972027f83fe24a48b1e90ea4b584d35f1cc279d76de6fc4b13376239d"
            ],
            "version": "==3.2.0"
        },
        "boto": {
            "hashes": [
                "sha256:147758d41ae7240dc989f0039f27da8ca0d53734be0eb869ef16e3adcfa462e8",
                "sha256:ea0d3b40a2d852767be77ca343b58a9e3a4b00d9db440efb8da74b4e58025e5a"
            ],
            "version": "==2.49.0"
        },
        "boto3": {
            "hashes": [
                "sha256:666f37c5852f71925494fc2103b189deafe6702c1d9ae60bead5b1b6466de857",
                "sha256:7b77b507221ec15550b02d492804166bcc61ef3a81312968065515a76aa1791b"
            ],
            "version": "==1.9.202"
        },
        "botocore": {
            "hashes": [
                "sha256:71ca578701e746fe947c098e5dee06128d0f6ba98217ba7e29aff0dab8caf82f",
                "sha256:e55003c46e71396a551d4b70f39286f8fc4094ac6cf90f5db8d7a68bb4af1f9d"
            ],
            "version": "==1.12.202"
        },
        "cattrs": {
            "hashes": [
                "sha256:2232a568e079f30601de63839f4101283cb594c8719f5311bede25f89d0e09b7",
                "sha256:f1215991553dfa7623ce15861663153348e675c1f316095affef473c804116ba"
            ],
            "version": "==0.9.0"
        },
        "certifi": {
            "hashes": [
                "sha256:5930595817496dd21bb8dc35dad090f1c2cd0adfaf21204bf6732ca5d8ee34d3",
                "sha256:8fc0819f1f30ba15bdb34cceffb9ef04d99f420f68eb75d901e9560b8749fc41"
            ],
            "version": "==2020.6.20"
        },
        "cffi": {
            "hashes": [
                "sha256:005f2bfe11b6745d726dbb07ace4d53f057de66e336ff92d61b8c7e9c8f4777d",
                "sha256:09e96138280241bd355cd585148dec04dbbedb4f46128f340d696eaafc82dd7b",
                "sha256:0b1ad452cc824665ddc682400b62c9e4f5b64736a2ba99110712fdee5f2505c4",
                "sha256:0ef488305fdce2580c8b2708f22d7785ae222d9825d3094ab073e22e93dfe51f",
                "sha256:15f351bed09897fbda218e4db5a3d5c06328862f6198d4fb385f3e14e19decb3",
                "sha256:22399ff4870fb4c7ef19fff6eeb20a8bbf15571913c181c78cb361024d574579",
                "sha256:23e5d2040367322824605bc29ae8ee9175200b92cb5483ac7d466927a9b3d537",
                "sha256:2791f68edc5749024b4722500e86303a10d342527e1e3bcac47f35fbd25b764e",
                "sha256:2f9674623ca39c9ebe38afa3da402e9326c245f0f5ceff0623dccdac15023e05",
                "sha256:3363e77a6176afb8823b6e06db78c46dbc4c7813b00a41300a4873b6ba63b171",
                "sha256:33c6cdc071ba5cd6d96769c8969a0531be2d08c2628a0143a10a7dcffa9719ca",
                "sha256:3b8eaf915ddc0709779889c472e553f0d3e8b7bdf62dab764c8921b09bf94522",
                "sha256:3cb3e1b9ec43256c4e0f8d2837267a70b0e1ca8c4f456685508ae6106b1f504c",
                "sha256:3eeeb0405fd145e714f7633a5173318bd88d8bbfc3dd0a5751f8c4f70ae629bc",
                "sha256:44f60519595eaca110f248e5017363d751b12782a6f2bd6a7041cba275215f5d",
                "sha256:4d7c26bfc1ea9f92084a1d75e11999e97b62d63128bcc90c3624d07813c52808",
                "sha256:529c4ed2e10437c205f38f3691a68be66c39197d01062618c55f74294a4a4828",
                "sha256:6642f15ad963b5092d65aed022d033c77763515fdc07095208f15d3563003869",
                "sha256:85ba797e1de5b48aa5a8427b6ba62cf69607c18c5d4eb747604b7302f1ec382d",
                "sha256:8f0f1e499e4000c4c347a124fa6a27d37608ced4fe9f7d45070563b7c4c370c9",
                "sha256:a624fae282e81ad2e4871bdb767e2c914d0539708c0f078b5b355258293c98b0",
                "sha256:b0358e6fefc74a16f745afa366acc89f979040e0cbc4eec55ab26ad1f6a9bfbc",
                "sha256:bbd2f4dfee1079f76943767fce837ade3087b578aeb9f69aec7857d5bf25db15",
                "sha256:bf39a9e19ce7298f1bd6a9758fa99707e9e5b1ebe5e90f2c3913a47bc548747c",
                "sha256:c11579638288e53fc94ad60022ff1b67865363e730ee41ad5e6f0a17188b327a",
                "sha256:c150eaa3dadbb2b5339675b88d4573c1be3cb6f2c33a6c83387e10cc0bf05bd3",
                "sha256:c53af463f4a40de78c58b8b2710ade243c81cbca641e34debf3396a9640d6ec1",
                "sha256:cb763ceceae04803adcc4e2d80d611ef201c73da32d8f2722e9d0ab0c7f10768",
                "sha256:cc75f58cdaf043fe6a7a6c04b3b5a0e694c6a9e24050967747251fb80d7bce0d",
                "sha256:d80998ed59176e8cba74028762fbd9b9153b9afc71ea118e63bbf5d4d0f9552b",
                "sha256:de31b5164d44ef4943db155b3e8e17929707cac1e5bd2f363e67a56e3af4af6e",
                "sha256:e66399cf0fc07de4dce4f588fc25bfe84a6d1285cc544e67987d22663393926d",
                "sha256:f0620511387790860b249b9241c2f13c3a80e21a73e0b861a2df24e9d6f56730",
                "sha256:f4eae045e6ab2bb54ca279733fe4eb85f1effda392666308250714e01907f394",
                "sha256:f92cdecb618e5fa4658aeb97d5eb3d2f47aa94ac6477c6daf0f306c5a3b9e6b1",
                "sha256:f92f789e4f9241cd262ad7a555ca2c648a98178a953af117ef7fad46aa1d5591"
            ],
            "version": "==1.14.3"
        },
        "cfn-lint": {
            "hashes": [
                "sha256:5f48c8be94f7b3575dad5a26138a0f2aaf310ce7c2378bfa4f23a36e1c761121",
                "sha256:cd5e813aa6656caf3a1ff7fd6edb473463cd4242cbc96e87365cf3963fb8a078"
            ],
            "version": "==0.39.0"
        },
        "chardet": {
            "hashes": [
                "sha256:84ab92ed1c4d4f16916e05906b6b75a6c0fb5db821cc65e70cbd64a3e2a5eaae",
                "sha256:fc323ffcaeaed0e0a02bf4d117757b98aed530d9ed4531e3e15460124c106691"
            ],
            "version": "==3.0.4"
        },
        "click": {
            "hashes": [
                "sha256:2335065e6395b9e67ca716de5f7526736bfa6ceead690adf616d925bdc622b13",
                "sha256:5b94b49521f6456670fdb30cd82a4eca9412788a93fa6dd6df72c94d5a8ff2d7"
            ],
            "version": "==7.0"
        },
        "click-repl": {
            "hashes": [
                "sha256:9c4c3d022789cae912aad8a3f5e1d7c2cdd016ee1225b5212ad3e8691563cda5",
                "sha256:b9f29d52abc4d6059f8e276132a111ab8d94980afe6a5432b9d996544afa95d5"
            ],
            "version": "==0.1.6"
        },
        "cloudless": {
            "hashes": [
                "sha256:44c138c2bee75fe4bde5846689e438bc057378a2a453afb6c6a89f971ccbbdb5",
                "sha256:e635c4a4d71bc5d3141d5764149b4e2a98faeab31cece6af8d9c7a66affd0cea"
            ],
            "index": "pypi",
            "version": "==0.0.10"
        },
        "cryptography": {
            "hashes": [
                "sha256:22f8251f68953553af4f9c11ec5f191198bc96cff9f0ac5dd5ff94daede0ee6d",
                "sha256:284e275e3c099a80831f9898fb5c9559120d27675c3521278faba54e584a7832",
                "sha256:3e17d02941c0f169c5b877597ca8be895fca0e5e3eb882526a74aa4804380a98",
                "sha256:52a47e60953679eea0b4d490ca3c241fb1b166a7b161847ef4667dfd49e7699d",
                "sha256:57b8c1ed13b8aa386cabbfde3be175d7b155682470b0e259fecfe53850967f8a",
                "sha256:6a8f64ed096d13f92d1f601a92d9fd1f1025dc73a2ca1ced46dcf5e0d4930943",
                "sha256:6e8a3c7c45101a7eeee93102500e1b08f2307c717ff553fcb3c1127efc9b6917",
                "sha256:7ef41304bf978f33cfb6f43ca13bb0faac0c99cda33693aa20ad4f5e34e8cb8f",
                "sha256:87c2fffd61e934bc0e2c927c3764c20b22d7f5f7f812ee1a477de4c89b044ca6",
                "sha256:88069392cd9a1e68d2cfd5c3a2b0d72a44ef3b24b8977a4f7956e9e3c4c9477a",
                "sha256:8a0866891326d3badb17c5fd3e02c926b635e8923fa271b4813cd4d972a57ff3",
                "sha256:8f0fd8b0751d75c4483c534b209e39e918f0d14232c0d8a2a76e687f64ced831",
                "sha256:9a07e6d255053674506091d63ab4270a119e9fc83462c7ab1dbcb495b76307af",
                "sha256:9a8580c9afcdcddabbd064c0a74f337af74ff4529cdf3a12fa2e9782d677a2e5",
                "sha256:bd80bc156d3729b38cb227a5a76532aef693b7ac9e395eea8063ee50ceed46a5",
                "sha256:d1cbc3426e6150583b22b517ef3720036d7e3152d428c864ff0f3fcad2b97591",
                "sha256:e15ac84dcdb89f92424cbaca4b0b34e211e7ce3ee7b0ec0e4f3c55cee65fae5a",
                "sha256:e4789b84f8dedf190148441f7c5bfe7244782d9cbb194a36e17b91e7d3e1cca9",
                "sha256:f01c9116bfb3ad2831e125a73dcd957d173d6ddca7701528eff1e7d97972872c",
                "sha256:f0e3986f6cce007216b23c490f093f35ce2068f3c244051e559f647f6731b7ae",
                "sha256:f2aa3f8ba9e2e3fd49bd3de743b976ab192fbf0eb0348cebde5d2a9de0090a9f",
                "sha256:fb70a4cedd69dc52396ee114416a3656e011fb0311fca55eb55c7be6ed9c8aef"
            ],
            "index": "pypi",
            "version": "==3.2"
        },
        "datetime": {
            "hashes": [
                "sha256:371dba07417b929a4fa685c2f7a3eaa6a62d60c02947831f97d4df9a9e70dfd0",
                "sha256:5cef605bab8259ff61281762cdf3290e459fbf0b4719951d5fab967d5f2ea0ea"
            ],
            "version": "==4.3"
        },
        "decorator": {
            "hashes": [
                "sha256:41fa54c2a0cc4ba648be4fd43cff00aedf5b9465c9bf18d64325bc225f08f760",
                "sha256:e3a62f0520172440ca0dcc823749319382e377f37f140a0b99ef45fecb84bfe7"
            ],
            "version": "==4.4.2"
        },
        "docker": {
            "hashes": [
                "sha256:13966471e8bc23b36bfb3a6fb4ab75043a5ef1dac86516274777576bed3b9828",
                "sha256:bad94b8dd001a8a4af19ce4becc17f41b09f228173ffe6a4e0355389eef142f2"
            ],
            "version": "==4.3.1"
        },
        "docutils": {
            "hashes": [
                "sha256:02aec4bd92ab067f6ff27a38a38a41173bf01bed8f89157768c1573f53e474a6",
                "sha256:51e64ef2ebfb29cae1faa133b3710143496eca21c530f3f71424d77687764274",
                "sha256:7a4bd47eaf6596e1295ecb11361139febe29b084a87bf005bf899f9a42edc3c6"
            ],
            "version": "==0.14"
        },
        "ecdsa": {
            "hashes": [
                "sha256:64c613005f13efec6541bb0a33290d0d03c27abab5f15fbab20fb0ee162bdd8e",
                "sha256:e108a5fe92c67639abae3260e43561af914e7fd0d27bae6d2ec1312ae7934dfe"
            ],
            "version": "==0.14.1"
        },
        "future": {
            "hashes": [
                "sha256:b1bead90b70cf6ec3f0710ae53a525360fa360d306a86583adc6bf83a4db537d"
            ],
            "version": "==0.18.2"
        },
        "idna": {
            "hashes": [
                "sha256:c357b3f628cf53ae2c4c05627ecc484553142ca23264e593d327bcde5e9c3407",
                "sha256:ea8b7f6188e6fa117537c3df7da9fc686d485087abf6ac197f9c46432f7e4a3c"
            ],
            "version": "==2.8"
        },
        "importlib-metadata": {
            "hashes": [
                "sha256:77a540690e24b0305878c37ffd421785a6f7e53c8b5720d211b211de8d0e95da",
                "sha256:cefa1a2f919b866c5beb7c9f7b0ebb4061f30a8a9bf16d609b000e2dfaceb9c3"
            ],
            "markers": "python_version < '3.8'",
            "version": "==2.0.0"
        },
        "jinja2": {
            "hashes": [
                "sha256:065c4f02ebe7f7cf559e49ee5a95fb800a9e4528727aec6f24402a5374c65013",
                "sha256:14dd6caf1527abb21f08f86c784eac40853ba93edb79552aa1e4b8aef1b61c7b"
            ],
            "version": "==2.10.1"
        },
        "jmespath": {
            "hashes": [
                "sha256:b85d0567b8666149a93172712e68920734333c0ce7e89b78b3e987f71e5ed4f9",
                "sha256:cdf6525904cc597730141d61b36f2e4b8ecc257c420fa2f4549bac2c2d0cb72f"
            ],
            "version": "==0.10.0"
        },
        "jsondiff": {
            "hashes": [
                "sha256:7e18138aecaa4a8f3b7ac7525b8466234e6378dd6cae702b982c9ed851d2ae21"
            ],
            "version": "==1.1.2"
        },
        "jsonpatch": {
            "hashes": [
                "sha256:83ff23119b336ea2feffa682307eb7269b58097b4e88c089a4950d946442db16",
                "sha256:e45df18b0ab7df1925f20671bbc3f6bd0b4b556fb4b9c5d97684b0a7eac01744"
            ],
            "markers": "python_version != '3.4'",
            "version": "==1.26"
        },
        "jsonpickle": {
            "hashes": [
                "sha256:8919c166bac0574e3d74425c7559434062002d9dfc0ac2afa6dc746ba4a19439",
                "sha256:e8d4b7cd0bd6826001a74377df1079a76ad8bae0f909282de2554164c837c8ba"
            ],
            "version": "==1.4.1"
        },
        "jsonpointer": {
            "hashes": [
                "sha256:c192ba86648e05fdae4f08a17ec25180a9aef5008d973407b581798a83975362",
                "sha256:ff379fa021d1b81ab539f5ec467c7745beb1a5671463f9dcc2b2d458bd361c1e"
            ],
            "version": "==2.0"
        },
        "jsonref": {
            "hashes": [
                "sha256:b1e82fa0b62e2c2796a13e5401fe51790b248f6d9bf9d7212a3e31a3501b291f",
                "sha256:f3c45b121cf6257eafabdc3a8008763aed1cd7da06dbabc59a9e4d2a5e4e6697"
            ],
            "version": "==0.2"
        },
        "jsonschema": {
            "hashes": [
                "sha256:5f9c0a719ca2ce14c5de2fd350a64fd2d13e8539db29836a86adc990bb1a068f",
                "sha256:8d4a2b7b6c2237e0199c8ea1a6d3e05bf118e289ae2b9d7ba444182a2959560d"
            ],
            "version": "==3.0.2"
        },
        "junit-xml": {
            "hashes": [
                "sha256:ec5ca1a55aefdd76d28fcc0b135251d156c7106fa979686a4b48d62b761b4732"
            ],
            "version": "==1.9"
        },
        "lazy-import": {
            "hashes": [
                "sha256:2149aef8579459407c62cfeccf118527939c9931ace124f355236360644f8a3d"
            ],
            "version": "==0.2.2"
        },
        "markupsafe": {
            "hashes": [
                "sha256:00bc623926325b26bb9605ae9eae8a215691f33cae5df11ca5424f06f2d1f473",
                "sha256:09027a7803a62ca78792ad89403b1b7a73a01c8cb65909cd876f7fcebd79b161",
                "sha256:09c4b7f37d6c648cb13f9230d847adf22f8171b1ccc4d5682398e77f40309235",
                "sha256:1027c282dad077d0bae18be6794e6b6b8c91d58ed8a8d89a89d59693b9131db5",
                "sha256:13d3144e1e340870b25e7b10b98d779608c02016d5184cfb9927a9f10c689f42",
                "sha256:24982cc2533820871eba85ba648cd53d8623687ff11cbb805be4ff7b4c971aff",
                "sha256:29872e92839765e546828bb7754a68c418d927cd064fd4708fab9fe9c8bb116b",
                "sha256:43a55c2930bbc139570ac2452adf3d70cdbb3cfe5912c71cdce1c2c6bbd9c5d1",
                "sha256:46c99d2de99945ec5cb54f23c8cd5689f6d7177305ebff350a58ce5f8de1669e",
                "sha256:500d4957e52ddc3351cabf489e79c91c17f6e0899158447047588650b5e69183",
                "sha256:535f6fc4d397c1563d08b88e485c3496cf5784e927af890fb3c3aac7f933ec66",
                "sha256:596510de112c685489095da617b5bcbbac7dd6384aeebeda4df6025d0256a81b",
                "sha256:62fe6c95e3ec8a7fad637b7f3d372c15ec1caa01ab47926cfdf7a75b40e0eac1",
                "sha256:6788b695d50a51edb699cb55e35487e430fa21f1ed838122d722e0ff0ac5ba15",
                "sha256:6dd73240d2af64df90aa7c4e7481e23825ea70af4b4922f8ede5b9e35f78a3b1",
                "sha256:717ba8fe3ae9cc0006d7c451f0bb265ee07739daf76355d06366154ee68d221e",
                "sha256:79855e1c5b8da654cf486b830bd42c06e8780cea587384cf6545b7d9ac013a0b",
                "sha256:7c1699dfe0cf8ff607dbdcc1e9b9af1755371f92a68f706051cc8c37d447c905",
                "sha256:88e5fcfb52ee7b911e8bb6d6aa2fd21fbecc674eadd44118a9cc3863f938e735",
                "sha256:8defac2f2ccd6805ebf65f5eeb132adcf2ab57aa11fdf4c0dd5169a004710e7d",
                "sha256:98c7086708b163d425c67c7a91bad6e466bb99d797aa64f965e9d25c12111a5e",
                "sha256:9add70b36c5666a2ed02b43b335fe19002ee5235efd4b8a89bfcf9005bebac0d",
                "sha256:9bf40443012702a1d2070043cb6291650a0841ece432556f784f004937f0f32c",
                "sha256:ade5e387d2ad0d7ebf59146cc00c8044acbd863725f887353a10df825fc8ae21",
                "sha256:b00c1de48212e4cc9603895652c5c410df699856a2853135b3967591e4beebc2",
                "sha256:b1282f8c00509d99fef04d8ba936b156d419be841854fe901d8ae224c59f0be5",
                "sha256:b2051432115498d3562c084a49bba65d97cf251f5a331c64a12ee7e04dacc51b",
                "sha256:ba59edeaa2fc6114428f1637ffff42da1e311e29382d81b339c1817d37ec93c6",
                "sha256:c8716a48d94b06bb3b2524c2b77e055fb313aeb4ea620c8dd03a105574ba704f",
                "sha256:cd5df75523866410809ca100dc9681e301e3c27567cf498077e8551b6d20e42f",
                "sha256:cdb132fc825c38e1aeec2c8aa9338310d29d337bebbd7baa06889d09a60a1fa2",
                "sha256:e249096428b3ae81b08327a63a485ad0878de3fb939049038579ac0ef61e17e7",
                "sha256:e8313f01ba26fbbe36c7be1966a7b7424942f670f38e666995b88d012765b9be"
            ],
            "version": "==1.1.1"
        },
        "mock": {
            "hashes": [
                "sha256:3f9b2c0196c60d21838f307f5825a7b86b678cedc58ab9e50a8988187b4d81e0",
                "sha256:dd33eb70232b6118298d516bbcecd26704689c386594f0f3c4f13867b2c56f72"
            ],
            "version": "==4.0.2"
        },
        "more-itertools": {
            "hashes": [
                "sha256:6f83822ae94818eae2612063a5101a7311e68ae8002005b5e05f03fd74a86a20",
                "sha256:9b30f12df9393f0d28af9210ff8efe48d10c94f73e5daf886f10c4b0b0b4f03c"
            ],
            "version": "==8.5.0"
        },
        "moto": {
            "hashes": [
                "sha256:95d48d8ebaad47fb5bb4233854cf1cf8523ec5307d50eb1e4017ce10f1960b66"
            ],
            "version": "==1.3.13"
        },
        "networkx": {
            "hashes": [
                "sha256:7978955423fbc9639c10498878be59caf99b44dc304c2286162fd24b458c1602",
                "sha256:8c5812e9f798d37c50570d15c4a69d5710a18d77bafc903ee9c5fba7454c616c"
            ],
            "markers": "python_version >= '3.5'",
            "version": "==2.5"
        },
        "packaging": {
            "hashes": [
                "sha256:4357f74f47b9c12db93624a82154e9b120fa8293699949152b22065d556079f8",
                "sha256:998416ba6962ae7fbd6596850b80e17859a5753ba17c32284f67bfff33784181"
            ],
            "version": "==20.4"
        },
        "paramiko": {
            "hashes": [
                "sha256:99f0179bdc176281d21961a003ffdb2ec369daac1a1007241f53374e376576cf",
                "sha256:f4b2edfa0d226b70bd4ca31ea7e389325990283da23465d572ed1f70a7583041"
            ],
            "version": "==2.6.0"
        },
        "pluggy": {
            "hashes": [
                "sha256:15b2acde666561e1298d71b523007ed7364de07029219b604cf808bfa1c765b0",
                "sha256:966c145cd83c96502c3c3868f50408687b38434af77734af1e9ca461a4081d2d"
            ],
            "version": "==0.13.1"
        },
        "prompt-toolkit": {
            "hashes": [
                "sha256:25c95d2ac813909f813c93fde734b6e44406d1477a9faef7c915ff37d39c0a8c",
                "sha256:7debb9a521e0b1ee7d2fe96ee4bd60ef03c6492784de0547337ca4433e46aa63"
            ],
            "version": "==3.0.8"
        },
        "py": {
            "hashes": [
                "sha256:366389d1db726cd2fcfc79732e75410e5fe4d31db13692115529d34069a043c2",
                "sha256:9ca6883ce56b4e8da7e79ac18787889fa5206c79dcc67fb065376cd2fe03f342"
            ],
            "version": "==1.9.0"
        },
        "pyasn1": {
            "hashes": [
                "sha256:39c7e2ec30515947ff4e87fb6f456dfc6e84857d34be479c9d4a4ba4bf46aa5d",
                "sha256:aef77c9fb94a3ac588e87841208bdec464471d9871bd5050a287cc9a475cd0ba"
            ],
            "version": "==0.4.8"
        },
        "pycparser": {
            "hashes": [
                "sha256:2d475327684562c3a96cc71adf7dc8c4f0565175cf86b6d7a404ff4c771f15f0",
                "sha256:7582ad22678f0fcd81102833f60ef8d0e57288b6b5fb00323d101be910e35705"
            ],
            "version": "==2.20"
        },
        "pycryptodome": {
            "hashes": [
                "sha256:0281dc6a65a4d0d9e439f54e0ad5faf27bfdc2ebe9ead36912bac74a0920fa2e",
                "sha256:02af9b284f5c9a55f06f5e4532c16c9b7bd958e293e93969934d864ef7bd87ee",
                "sha256:09da99372fb69762e4b9690291176a166cc351793e2e1c9405d29ca291503aa8",
                "sha256:0c2400ccfc049c3f24e65d4f02bb4208d86e408011019e455fab7f50d2b226c9",
                "sha256:2081dd6dce6b21bf3596427edaedd4f2561dce616893b162ed2c674f3a3ca70a",
                "sha256:28b86ec9fdb005a2a18e4862a3a7277046738825ee8dc89cda5657e75a396089",
                "sha256:2d790c0d4c0d5edcf5fbab4e2af7b03757e40c5ae8d217f0dfe9ddea37fe130f",
                "sha256:2f24906153dca16528cf5515b1afa9ef635423d5a654904e861765f88ca667b6",
                "sha256:30d283939896fa4bacbdb9fa86e6fd51e9a5b953a511e210b38481f697f289f5",
                "sha256:31f78b67f97830d137f74813c0502a181a03b43a32ed124049bb20428176c307",
                "sha256:33c1f3a380fd38ab4dd4372bef17e98002b360b52814bb1b077693b1bd06ec87",
                "sha256:34091e9a6650c44e25339f22fc821396f19f152f65be2546edd823a093fb5a04",
                "sha256:567fb73951ab6865a2eb1a0060b54be1e27302574f6c65879525bdf53fab49e1",
                "sha256:5bc40f8aa7ba8ca7f833ad2477b9d84e1bfd2630b22a46d9bbd221982f8c3ac0",
                "sha256:6b0a0ccf33c7a6100c569667c888335a4aaf0d22218cb97b4963a65d70f6c343",
                "sha256:71b93157f1ce93fc7cfff9359b76def2b4826a7ef7a7f95e070161368e7f584a",
                "sha256:7d939d511b7dac29b2d936706786771ecb8256e43fade5cdb0e8bc58f02b86cf",
                "sha256:7fbc5a93d52e4c51487f4648b00dc41700adb144d10fc567b05f852e76c243ad",
                "sha256:9cb94b8f9c915a5d2b273d612a25a8e5d67b49543f8eb6bcec0275ac46cda421",
                "sha256:a585ea1722f9731e75881d5ffcc51d11c794d244ac57e7c2a9cbb8d5ac729302",
                "sha256:a6458dd7a10ae51f6fce56bdfc79bf6d3b54556237045d09e77fbda9d6d37864",
                "sha256:a9fb92e948128bce0239b87c6efcf2cb1c5a703d0b41dd6835211e6fafd1c5df",
                "sha256:b0b6b4ca1c53e7d6ca9f2720919f63837f05e7a5f92912a2bc29bfd03ed3b54f",
                "sha256:b7d22c8d648aaa3a7ec785eda544402141eb78ac5ffbba4cbe2c3a1f52276870",
                "sha256:bc9560574a868cfa2ba781b7bb0b4685b08ea251697abfc49070ffc05e1cbee6",
                "sha256:c0c5a576f3f7b7de3f86889cb47eb51b59dc11db9cf1e2a0f51eb4d988010ea4",
                "sha256:e1c91c2fa942a71c98a7a1f462de6dbbe82f34b9267eb8131314d97bd13bf0d4",
                "sha256:ec936361ad78aa95382c313df95777795b8185aac5dd3ec5463363ea94b556fc"
            ],
            "version": "==3.8.2"
        },
        "pynacl": {
            "hashes": [
                "sha256:06cbb4d9b2c4bd3c8dc0d267416aaed79906e7b33f114ddbf0911969794b1cc4",
                "sha256:11335f09060af52c97137d4ac54285bcb7df0cef29014a1a4efe64ac065434c4",
                "sha256:2fe0fc5a2480361dcaf4e6e7cea00e078fcda07ba45f811b167e3f99e8cff574",
                "sha256:30f9b96db44e09b3304f9ea95079b1b7316b2b4f3744fe3aaecccd95d547063d",
                "sha256:4e10569f8cbed81cb7526ae137049759d2a8d57726d52c1a000a3ce366779634",
                "sha256:511d269ee845037b95c9781aa702f90ccc36036f95d0f31373a6a79bd8242e25",
                "sha256:537a7ccbea22905a0ab36ea58577b39d1fa9b1884869d173b5cf111f006f689f",
                "sha256:54e9a2c849c742006516ad56a88f5c74bf2ce92c9f67435187c3c5953b346505",
                "sha256:757250ddb3bff1eecd7e41e65f7f833a8405fede0194319f87899690624f2122",
                "sha256:7757ae33dae81c300487591c68790dfb5145c7d03324000433d9a2c141f82af7",
                "sha256:7c6092102219f59ff29788860ccb021e80fffd953920c4a8653889c029b2d420",
                "sha256:8122ba5f2a2169ca5da936b2e5a511740ffb73979381b4229d9188f6dcb22f1f",
                "sha256:9c4a7ea4fb81536c1b1f5cc44d54a296f96ae78c1ebd2311bd0b60be45a48d96",
                "sha256:c914f78da4953b33d4685e3cdc7ce63401247a21425c16a39760e282075ac4a6",
                "sha256:cd401ccbc2a249a47a3a1724c2918fcd04be1f7b54eb2a5a71ff915db0ac51c6",
                "sha256:d452a6746f0a7e11121e64625109bc4468fc3100452817001dbe018bb8b08514",
                "sha256:ea6841bc3a76fa4942ce00f3bda7d436fda21e2d91602b9e21b7ca9ecab8f3ff",
                "sha256:f8851ab9041756003119368c1e6cd0b9c631f46d686b3904b18c0139f4419f80"
            ],
            "version": "==1.4.0"
        },
        "pyparsing": {
            "hashes": [
                "sha256:c203ec8783bf771a155b207279b9bccb8dea02d8f0c9e5f8ead507bc3246ecc1",
                "sha256:ef9d7589ef3c200abe66653d3f1ab1033c3c419ae9b9bdb1240a85b024efc88b"
            ],
            "version": "==2.4.7"
        },
        "pyrsistent": {
            "hashes": [
                "sha256:2e636185d9eb976a18a8a8e96efce62f2905fea90041958d8cc2a189756ebf3e"
            ],
            "version": "==0.17.3"
        },
        "pytest": {
            "hashes": [
                "sha256:6ef6d06de77ce2961156013e9dff62f1b2688aa04d0dc244299fe7d67e09370d",
                "sha256:a736fed91c12681a7b34617c8fcefe39ea04599ca72c608751c31d89579a3f77"
            ],
            "version": "==5.0.1"
        },
        "python-dateutil": {
            "hashes": [
                "sha256:73ebfe9dbf22e832286dafa60473e4cd239f8592f699aa5adaf10050e6e1823c",
                "sha256:75bb3f31ea686f1197762692a9ee6a7550b59fc6ca3a1f4b5d7e32fb98e2da2a"
            ],
            "markers": "python_version >= '2.7'",
            "version": "==2.8.1"
        },
        "python-jose": {
            "hashes": [
                "sha256:4e4192402e100b5fb09de5a8ea6bcc39c36ad4526341c123d401e2561720335b",
                "sha256:67d7dfff599df676b04a996520d9be90d6cdb7e6dd10b4c7cacc0c3e2e92f2be"
            ],
            "version": "==3.2.0"
        },
        "pytz": {
            "hashes": [
                "sha256:a494d53b6d39c3c6e44c3bec237336e14305e4f29bbf800b599253057fbb79ed",
                "sha256:c35965d010ce31b23eeb663ed3cc8c906275d6be1a34393a1d73a41febf4a048"
            ],
            "version": "==2020.1"
        },
        "pyyaml": {
            "hashes": [
                "sha256:0113bc0ec2ad727182326b61326afa3d1d8280ae1122493553fd6f4397f33df9",
                "sha256:01adf0b6c6f61bd11af6e10ca52b7d4057dd0be0343eb9283c878cf3af56aee4",
                "sha256:5124373960b0b3f4aa7df1707e63e9f109b5263eca5976c66e08b1c552d4eaf8",
                "sha256:5ca4f10adbddae56d824b2c09668e91219bb178a1eee1faa56af6f99f11bf696",
                "sha256:7907be34ffa3c5a32b60b95f4d95ea25361c951383a894fec31be7252b2b6f34",
                "sha256:7ec9b2a4ed5cad025c2278a1e6a19c011c80a3caaac804fd2d329e9cc2c287c9",
                "sha256:87ae4c829bb25b9fe99cf71fbb2140c448f534e24c998cc60f39ae4f94396a73",
                "sha256:9de9919becc9cc2ff03637872a440195ac4241c80536632fffeb6a1e25a74299",
                "sha256:a5a85b10e450c66b49f98846937e8cfca1db3127a9d5d1e31ca45c3d0bef4c5b",
                "sha256:b0997827b4f6a7c286c01c5f60384d218dca4ed7d9efa945c3e1aa623d5709ae",
                "sha256:b631ef96d3222e62861443cc89d6563ba3eeb816eeb96b2629345ab795e53681",
                "sha256:bf47c0607522fdbca6c9e817a6e81b08491de50f3766a7a0e6a5be7905961b41",
                "sha256:f81025eddd0327c7d4cfe9b62cf33190e1e736cc6e97502b3ec425f574b3e7a8"
            ],
            "markers": "python_version != '3.4'",
            "version": "==5.1.2"
        },
        "requests": {
            "hashes": [
                "sha256:b3559a131db72c33ee969480840fff4bb6dd111de7dd27c8ee1f820f4f00231b",
                "sha256:fe75cc94a9443b9246fc7049224f75604b113c36acb93f87b80ed42c44cbb898"
            ],
            "version": "==2.24.0"
        },
        "responses": {
            "hashes": [
                "sha256:0de50fbf600adf5ef9f0821b85cc537acca98d66bc7776755924476775c1989c",
                "sha256:e80d5276011a4b79ecb62c5f82ba07aa23fb31ecbc95ee7cad6de250a3c97444"
            ],
            "version": "==0.12.0"
        },
        "retrying": {
            "hashes": [
                "sha256:08c039560a6da2fe4f2c426d0766e284d3b736e355f8dd24b37367b0bb41973b"
            ],
            "version": "==1.3.3"
        },
        "rsa": {
            "hashes": [
                "sha256:109ea5a66744dd859bf16fe904b8d8b627adafb9408753161e766a92e7d681fa",
                "sha256:6166864e23d6b5195a5cfed6cd9fed0fe774e226d8f854fcb23b7bbef0350233"
            ],
            "version": "==4.6"
        },
        "s3transfer": {
            "hashes": [
                "sha256:6efc926738a3cd576c2a79725fed9afde92378aa5c6a957e3af010cb019fac9d",
                "sha256:b780f2411b824cb541dbcd2c713d0cb61c7d1bcadae204cdddda2b35cef493ba"
            ],
            "version": "==0.2.1"
        },
        "six": {
            "hashes": [
                "sha256:30639c035cdb23534cd4aa2dd52c3bf48f06e5f4a941509c8bafd8ce11080259",
                "sha256:8b74bedcbbbaca38ff6d7491d76f2b06b3592611af620f8426e82dddb04a5ced"
            ],
            "version": "==1.15.0"
        },
        "sshpubkeys": {
            "hashes": [
                "sha256:9f73d51c2ef1e68cd7bde0825df29b3c6ec89f4ce24ebca3bf9eaa4a23a284db",
                "sha256:b388399caeeccdc145f06fd0d2665eeecc545385c60b55c282a15a022215af80"
            ],
            "version": "==3.1.0"
        },
        "urllib3": {
            "hashes": [
                "sha256:8d7eaa5a82a1cac232164990f04874c594c9453ec55eef02eab885aa02fc17a2",
                "sha256:f5321fbe4bf3fefa0efd0bfe7fb14e90909eb62a48ccda331726b4319897dd5e"
            ],
            "markers": "python_version >= '3.4'",
            "version": "==1.25.11"
        },
        "wcwidth": {
            "hashes": [
                "sha256:beb4802a9cebb9144e99086eff703a642a13d6a0052920003a230f3294bbe784",
                "sha256:c4d647b99872929fdb7bdcaa4fbe7f01413ed3d98077df798530e5b04f116c83"
            ],
            "version": "==0.2.5"
        },
        "websocket-client": {
            "hashes": [
                "sha256:0fc45c961324d79c781bab301359d5a1b00b13ad1b10415a4780229ef71a5549",
                "sha256:d735b91d6d1692a6a181f2a8c9e0238e5f6373356f561bb9dc4c7af36f452010"
            ],
            "version": "==0.57.0"
        },
        "werkzeug": {
            "hashes": [
                "sha256:2de2a5db0baeae7b2d2664949077c2ac63fbd16d98da0ff71837f7d1dea3fd43",
                "sha256:6c80b1e5ad3665290ea39320b91e1be1e0d5f60652b964a3070216de83d2e47c"
            ],
            "version": "==1.0.1"
        },
        "wrapt": {
            "hashes": [
                "sha256:b62ffa81fb85f4332a4f609cab4ac40709470da05643a082ec1eb88e6d9b97d7"
            ],
            "version": "==1.12.1"
        },
        "xmltodict": {
            "hashes": [
                "sha256:50d8c638ed7ecb88d90561beedbf720c9b4e851a9fa6c47ebd64e99d166d8a21",
                "sha256:8bbcb45cc982f48b2ca8fe7e7827c5d792f217ecf1792626f808bf41c3b86051"
            ],
            "version": "==0.12.0"
        },
        "zipp": {
            "hashes": [
                "sha256:102c24ef8f171fd729d46599845e95c7ab894a4cf45f5de11a44cc7444fb1108",
                "sha256:ed5eee1974372595f9e416cc7bbeeb12335201d8081ca8a0743c954d4446e5cb"
            ],
            "version": "==3.4.0"
        },
        "zope.interface": {
            "hashes": [
                "sha256:040f833694496065147e76581c0bf32b229a8b8c5eda120a0293afb008222387",
                "sha256:11198b44e4a3d8c7a80cc20bbdd65522258a4d82fe467cd310c9fcce8ffe2ed2",
                "sha256:121a9dccfe0c34be9c33b2c28225f0284f9b8e090580ffdff26c38fa16c7ffe1",
                "sha256:15f3082575e7e19581a80b866664f843719b647a7f7189c811ba7f9ab3309f83",
                "sha256:1d73d8986f948525536956ddd902e8a587a6846ebf4492117db16daba2865ddf",
                "sha256:208e82f73b242275b8566ac07a25158e7b21fa2f14e642a7881048430612d1a6",
                "sha256:2557833df892558123d791d6ff80ac4a2a0351f69c7421c7d5f0c07db72c8865",
                "sha256:25ea6906f9987d42546329d06f9750e69f0ee62307a2e7092955ed0758e64f09",
                "sha256:2c867914f7608674a555ac8daf20265644ac7be709e1da7d818089eebdfe544e",
                "sha256:2eadac20711a795d3bb7a2bfc87c04091cb5274d9c3281b43088a1227099b662",
                "sha256:37999d5ebd5d7bcd32438b725ca3470df05a7de8b1e9c0395bef24296b31ca99",
                "sha256:3ae8946d51789779f76e4fa326fd6676d8c19c1c3b4c4c5e9342807185264875",
                "sha256:5636cd7e60583b1608044ae4405e91575399430e66a5e1812f4bf30bcc55864e",
                "sha256:570e637cb6509998555f7e4af13006d89fad6c09cfc5c4795855385391063e4b",
                "sha256:590a40447ff3803c44050ce3c17c3958f11ca028dae3eacdd7b96775184394fa",
                "sha256:5aab51b9c1af1b8a84f40aa49ffe1684d41810b18d6c3e94aa50194e0a563f01",
                "sha256:5ffe4e0753393bcbcfc9a58133ed3d3a584634cc7cc2e667f8e3e6fbcbb2155d",
                "sha256:663982381bd428a275a841009e52983cc69c471a4979ce01344fadbf72cf353d",
                "sha256:6d06bf8e24dd6c473c4fbd8e16a83bd2e6d74add6ba25169043deb46d497b211",
                "sha256:6e5b9a4bf133cf1887b4a04c21c10ca9f548114f19c83957b2820d5c84254940",
                "sha256:70a2aed9615645bbe9d82c0f52bc7e676d2c0f8a63933d68418e0cb307f30536",
                "sha256:7750746421c4395e3d2cc3d805919f4f57bb9f2a9a0ccd955566a9341050a1b4",
                "sha256:7fc8708bc996e50fc7a9a2ad394e1f015348e389da26789fa6916630237143d7",
                "sha256:91abd2f080065a7c007540f6bbd93ef7bdbbffa6df4a4cfab3892d8623b83c98",
                "sha256:988f8b2281f3d95c66c01bdb141cefef1cc97db0d473c25c3fe2927ef00293b9",
                "sha256:9f56121d8a676802044584e6cc41250bbcde069d8adf725b9b817a6b0fd87f09",
                "sha256:a0f51536ce6e817a7aa25b0dca8b62feb210d4dc22cabfe8d1a92d47979372cd",
                "sha256:a1cdd7390d7f66ddcebf545203ca3728c4890d605f9f2697bc8e31437906e8e7",
                "sha256:b10eb4d0a77609679bf5f23708e20b1cd461a1643bd8ea42b1ca4149b1a5406c",
                "sha256:b274ac8e511b55ffb62e8292316bd2baa80c10e9fe811b1aa5ce81da6b6697d8",
                "sha256:c75b502af2c83fcfa2ee9c2257c1ba5806634a91a50db6129ff70e67c42c7e7b",
                "sha256:c9c8e53a5472b77f6a391b515c771105011f4b40740ce53af8428d1c8ca20004",
                "sha256:d867998a56c5133b9d31992beb699892e33b72150a8bf40f86cb52b8c606c83f",
                "sha256:eb566cab630ec176b2d6115ed08b2cf4d921b47caa7f02cca1b4a9525223ee94",
                "sha256:f61e6b95b414431ffe9dc460928fe9f351095fde074e2c2f5c6dda7b67a2192d",
                "sha256:f718675fd071bcce4f7cbf9250cbaaf64e2e91ef1b0b32a1af596e7412647556",
                "sha256:f9d4bfbd015e4b80dbad11c97049975f94592a6a0440e903ee647309f6252a1f",
                "sha256:fae50fc12a5e8541f6f1cc4ed744ca8f76a9543876cf63f618fb0e6aca8f8375",
                "sha256:fcf9c8edda7f7b2fd78069e97f4197815df5e871ec47b0f22580d330c6dec561",
                "sha256:fdedce3bc5360bd29d4bb90396e8d4d3c09af49bc0383909fe84c7233c5ee675"
            ],
            "version": "==5.1.2"
        }
    },
    "develop": {}
}
